
Microsoft Visual Studio Solution File, Format Version 12.00
# Visual Studio Version 17
VisualStudioVersion = 17.10.35122.118
MinimumVisualStudioVersion = 10.0.40219.1
Project("{FAE04EC0-301F-11D3-BF4B-00C04F79EFBC}") = "TestTaskWPF", "TestTaskWPF.csproj", "{679870F2-4855-451C-9275-9ACFD2453296}"
EndProject
Global
	GlobalSection(SolutionConfigurationPlatforms) = preSolution
		Debug|Any CPU = Debug|Any CPU
		Release|Any CPU = Release|Any CPU
	EndGlobalSection
	GlobalSection(ProjectConfigurationPlatforms) = postSolution
		{679870F2-4855-451C-9275-9ACFD2453296}.Debug|Any CPU.ActiveCfg = Debug|Any CPU
		{679870F2-4855-451C-9275-9ACFD2453296}.Debug|Any CPU.Build.0 = Debug|Any CPU
		{679870F2-4855-451C-9275-9ACFD2453296}.Release|Any CPU.ActiveCfg = Release|Any CPU
		{679870F2-4855-451C-9275-9ACFD2453296}.Release|Any CPU.Build.0 = Release|Any CPU
	EndGlobalSection
	GlobalSection(SolutionProperties) = preSolution
		HideSolutionNode = FALSE
	EndGlobalSection
	GlobalSection(ExtensibilityGlobals) = postSolution
		SolutionGuid = {2865B94F-F528-4118-B158-5622042C8CE6}
	EndGlobalSection
EndGlobal
